
Microsoft Visual Studio Solution File, Format Version 12.00
# Visual Studio Version 16
VisualStudioVersion = 16.0.31112.23
MinimumVisualStudioVersion = 10.0.40219.1
Project("{FAE04EC0-301F-11D3-BF4B-00C04F79EFBC}") = "busca-cep-csharp", "busca-cep-csharp.csproj", "{93A59061-3608-4405-9D26-DB0935415770}"
EndProject
Global
	GlobalSection(SolutionConfigurationPlatforms) = preSolution
		Debug|Any CPU = Debug|Any CPU
		Release|Any CPU = Release|Any CPU
	EndGlobalSection
	GlobalSection(ProjectConfigurationPlatforms) = postSolution
		{93A59061-3608-4405-9D26-DB0935415770}.Debug|Any CPU.ActiveCfg = Debug|Any CPU
		{93A59061-3608-4405-9D26-DB0935415770}.Debug|Any CPU.Build.0 = Debug|Any CPU
		{93A59061-3608-4405-9D26-DB0935415770}.Release|Any CPU.ActiveCfg = Release|Any CPU
		{93A59061-3608-4405-9D26-DB0935415770}.Release|Any CPU.Build.0 = Release|Any CPU
	EndGlobalSection
	GlobalSection(SolutionProperties) = preSolution
		HideSolutionNode = FALSE
	EndGlobalSection
	GlobalSection(ExtensibilityGlobals) = postSolution
		SolutionGuid = {A6EC69C0-FA2F-449B-AF49-333B8D07FFFE}
	EndGlobalSection
EndGlobal
